
Microsoft Visual Studio Solution File, Format Version 12.00
# Visual Studio Version 16
VisualStudioVersion = 16.0.31702.278
MinimumVisualStudioVersion = 10.0.40219.1
Project("{FAE04EC0-301F-11D3-BF4B-00C04F79EFBC}") = "logiman.logisquare.co.kr", "logiman.logisquare.co.kr\logiman.logisquare.co.kr.csproj", "{326B811C-00DF-43C1-9A5E-4CECA02B3B4C}"
EndProject
Global
	GlobalSection(SolutionConfigurationPlatforms) = preSolution
		Debug|Any CPU = Debug|Any CPU
		Release|Any CPU = Release|Any CPU
	EndGlobalSection
	GlobalSection(ProjectConfigurationPlatforms) = postSolution
		{326B811C-00DF-43C1-9A5E-4CECA02B3B4C}.Debug|Any CPU.ActiveCfg = Debug|Any CPU
		{326B811C-00DF-43C1-9A5E-4CECA02B3B4C}.Debug|Any CPU.Build.0 = Debug|Any CPU
		{326B811C-00DF-43C1-9A5E-4CECA02B3B4C}.Release|Any CPU.ActiveCfg = Release|Any CPU
		{326B811C-00DF-43C1-9A5E-4CECA02B3B4C}.Release|Any CPU.Build.0 = Release|Any CPU
	EndGlobalSection
	GlobalSection(SolutionProperties) = preSolution
		HideSolutionNode = FALSE
	EndGlobalSection
	GlobalSection(ExtensibilityGlobals) = postSolution
		SolutionGuid = {E2F63599-C1E8-4E01-8B1D-AEA1B2842FA9}
	EndGlobalSection
EndGlobal
